
Microsoft Visual Studio Solution File, Format Version 12.00
# Visual Studio Version 17
VisualStudioVersion = 17.2.32616.157
MinimumVisualStudioVersion = 10.0.40219.1
Project("{9A19103F-16F7-4668-BE54-9A1E7A4F7556}") = "HR", "HR.csproj", "{E3F4DA41-81A8-4DE2-905B-8E47D763E1D8}"
EndProject
Global
	GlobalSection(SolutionConfigurationPlatforms) = preSolution
		Debug|Any CPU = Debug|Any CPU
		Release|Any CPU = Release|Any CPU
	EndGlobalSection
	GlobalSection(ProjectConfigurationPlatforms) = postSolution
		{E3F4DA41-81A8-4DE2-905B-8E47D763E1D8}.Debug|Any CPU.ActiveCfg = Debug|Any CPU
		{E3F4DA41-81A8-4DE2-905B-8E47D763E1D8}.Debug|Any CPU.Build.0 = Debug|Any CPU
		{E3F4DA41-81A8-4DE2-905B-8E47D763E1D8}.Release|Any CPU.ActiveCfg = Release|Any CPU
		{E3F4DA41-81A8-4DE2-905B-8E47D763E1D8}.Release|Any CPU.Build.0 = Release|Any CPU
	EndGlobalSection
	GlobalSection(SolutionProperties) = preSolution
		HideSolutionNode = FALSE
	EndGlobalSection
	GlobalSection(ExtensibilityGlobals) = postSolution
		SolutionGuid = {8BB6CC61-EBD3-46BE-ACC7-CBAEBEE5C7EA}
	EndGlobalSection
EndGlobal
